
Microsoft Visual Studio Solution File, Format Version 12.00
# Visual Studio Version 17
VisualStudioVersion = 17.11.35208.52
MinimumVisualStudioVersion = 10.0.40219.1
Project("{FAE04EC0-301F-11D3-BF4B-00C04F79EFBC}") = "ReactWithASP.Server", "ReactWithASP.Server\ReactWithASP.Server.csproj", "{089E6664-2295-419E-A3D6-EF3245355A02}"
EndProject
Project("{54A90642-561A-4BB1-A94E-469ADEE60C69}") = "reactwithasp.client", "reactwithasp.client\reactwithasp.client.esproj", "{262F47C9-F5DD-4F25-8269-A7BA41B05659}"
EndProject
Global
	GlobalSection(SolutionConfigurationPlatforms) = preSolution
		Debug|Any CPU = Debug|Any CPU
		Release|Any CPU = Release|Any CPU
	EndGlobalSection
	GlobalSection(ProjectConfigurationPlatforms) = postSolution
		{089E6664-2295-419E-A3D6-EF3245355A02}.Debug|Any CPU.ActiveCfg = Debug|Any CPU
		{089E6664-2295-419E-A3D6-EF3245355A02}.Debug|Any CPU.Build.0 = Debug|Any CPU
		{089E6664-2295-419E-A3D6-EF3245355A02}.Release|Any CPU.ActiveCfg = Release|Any CPU
		{089E6664-2295-419E-A3D6-EF3245355A02}.Release|Any CPU.Build.0 = Release|Any CPU
		{262F47C9-F5DD-4F25-8269-A7BA41B05659}.Debug|Any CPU.ActiveCfg = Debug|Any CPU
		{262F47C9-F5DD-4F25-8269-A7BA41B05659}.Debug|Any CPU.Build.0 = Debug|Any CPU
		{262F47C9-F5DD-4F25-8269-A7BA41B05659}.Debug|Any CPU.Deploy.0 = Debug|Any CPU
		{262F47C9-F5DD-4F25-8269-A7BA41B05659}.Release|Any CPU.ActiveCfg = Release|Any CPU
		{262F47C9-F5DD-4F25-8269-A7BA41B05659}.Release|Any CPU.Build.0 = Release|Any CPU
		{262F47C9-F5DD-4F25-8269-A7BA41B05659}.Release|Any CPU.Deploy.0 = Release|Any CPU
	EndGlobalSection
	GlobalSection(SolutionProperties) = preSolution
		HideSolutionNode = FALSE
	EndGlobalSection
	GlobalSection(ExtensibilityGlobals) = postSolution
		SolutionGuid = {CD82A12E-86DE-4193-B515-8C5F918FF389}
	EndGlobalSection
EndGlobal
